// !$*UTF8*$!
{
	archiveVersion = 1;
	classes = {
	};
	objectVersion = 50;
	objects = {

/* Begin PBXBuildFile section */
		270E968220C8C87100720F85 /* AppDelegate.swift in Sources */ = {isa = PBXBuildFile; fileRef = 270E968120C8C87100720F85 /* AppDelegate.swift */; };
		270E968420C8C87100720F85 /* ViewController.swift in Sources */ = {isa = PBXBuildFile; fileRef = 270E968320C8C87100720F85 /* ViewController.swift */; };
		270E968720C8C87100720F85 /* Main.storyboard in Resources */ = {isa = PBXBuildFile; fileRef = 270E968520C8C87100720F85 /* Main.storyboard */; };
		270E968920C8C87200720F85 /* Assets.xcassets in Resources */ = {isa = PBXBuildFile; fileRef = 270E968820C8C87200720F85 /* Assets.xcassets */; };
		270E968C20C8C87200720F85 /* LaunchScreen.storyboard in Resources */ = {isa = PBXBuildFile; fileRef = 270E968A20C8C87200720F85 /* LaunchScreen.storyboard */; };
		270E969720C8C87200720F85 /* DiceTests.swift in Sources */ = {isa = PBXBuildFile; fileRef = 270E969620C8C87200720F85 /* DiceTests.swift */; };
		270E96A220C8C87200720F85 /* DiceUITests.swift in Sources */ = {isa = PBXBuildFile; fileRef = 270E96A120C8C87200720F85 /* DiceUITests.swift */; };
/* End PBXBuildFile section */

/* Begin PBXContainerItemProxy section */
		270E969320C8C87200720F85 /* PBXContainerItemProxy */ = {
			isa = PBXContainerItemProxy;
			containerPortal = 270E967620C8C87100720F85 /* Project object */;
			proxyType = 1;
			remoteGlobalIDString = 270E967D20C8C87100720F85;
			remoteInfo = Dice;
		};
		270E969E20C8C87200720F85 /* PBXContainerItemProxy */ = {
			isa = PBXContainerItemProxy;
			containerPortal = 270E967620C8C87100720F85 /* Project object */;
			proxyType = 1;
			remoteGlobalIDString = 270E967D20C8C87100720F85;
			remoteInfo = Dice;
		};
/* End PBXContainerItemProxy section */

/* Begin PBXFileReference section */
		270E967E20C8C87100720F85 /* Dice.app */ = {isa = PBXFileReference; explicitFileType = wrapper.application; includeInIndex = 0; path = Dice.app; sourceTree = BUILT_PRODUCTS_DIR; };
		270E968120C8C87100720F85 /* AppDelegate.swift */ = {isa = PBXFileReference; lastKnownFileType = sourcecode.swift; path = AppDelegate.swift; sourceTree = "<group>"; };
		270E968320C8C87100720F85 /* ViewController.swift */ = {isa = PBXFileReference; lastKnownFileType = sourcecode.swift; path = ViewController.swift; sourceTree = "<group>"; };
		270E968620C8C87100720F85 /* Base */ = {isa = PBXFileReference; lastKnownFileType = file.storyboard; name = Base; path = Base.lproj/Main.storyboard; sourceTree = "<group>"; };
		270E968820C8C87200720F85 /* Assets.xcassets */ = {isa = PBXFileReference; lastKnownFileType = folder.assetcatalog; path = Assets.xcassets; sourceTree = "<group>"; };
		270E968B20C8C87200720F85 /* Base */ = {isa = PBXFileReference; lastKnownFileType = file.storyboard; name = Base; path = Base.lproj/LaunchScreen.storyboard; sourceTree = "<group>"; };
		270E968D20C8C87200720F85 /* Info.plist */ = {isa = PBXFileReference; lastKnownFileType = text.plist.xml; path = Info.plist; sourceTree = "<group>"; };
		270E969220C8C87200720F85 /* DiceTests.xctest */ = {isa = PBXFileReference; explicitFileType = wrapper.cfbundle; includeInIndex = 0; path = DiceTests.xctest; sourceTree = BUILT_PRODUCTS_DIR; };
		270E969620C8C87200720F85 /* DiceTests.swift */ = {isa = PBXFileReference; lastKnownFileType = sourcecode.swift; path = DiceTests.swift; sourceTree = "<group>"; };
		270E969820C8C87200720F85 /* Info.plist */ = {isa = PBXFileReference; lastKnownFileType = text.plist.xml; path = Info.plist; sourceTree = "<group>"; };
		270E969D20C8C87200720F85 /* DiceUITests.xctest */ = {isa = PBXFileReference; explicitFileType = wrapper.cfbundle; includeInIndex = 0; path = DiceUITests.xctest; sourceTree = BUILT_PRODUCTS_DIR; };
		270E96A120C8C87200720F85 /* DiceUITests.swift */ = {isa = PBXFileReference; lastKnownFileType = sourcecode.swift; path = DiceUITests.swift; sourceTree = "<group>"; };
		270E96A320C8C87200720F85 /* Info.plist */ = {isa = PBXFileReference; lastKnownFileType = text.plist.xml; path = Info.plist; sourceTree = "<group>"; };
/* End PBXFileReference section */

/* Begin PBXFrameworksBuildPhase section */
		270E967B20C8C87100720F85 /* Frameworks */ = {
			isa = PBXFrameworksBuildPhase;
			buildActionMask = 2147483647;
			files = (
			);
			runOnlyForDeploymentPostprocessing = 0;
		};
		270E968F20C8C87200720F85 /* Frameworks */ = {
			isa = PBXFrameworksBuildPhase;
			buildActionMask = 2147483647;
			files = (
			);
			runOnlyForDeploymentPostprocessing = 0;
		};
		270E969A20C8C87200720F85 /* Frameworks */ = {
			isa = PBXFrameworksBuildPhase;
			buildActionMask = 2147483647;
			files = (
			);
			runOnlyForDeploymentPostprocessing = 0;
		};
/* End PBXFrameworksBuildPhase section */

/* Begin PBXGroup section */
		270E967520C8C87100720F85 = {
			isa = PBXGroup;
			children = (
				270E968020C8C87100720F85 /* Dice */,
				270E969520C8C87200720F85 /* DiceTests */,
				270E96A020C8C87200720F85 /* DiceUITests */,
				270E967F20C8C87100720F85 /* Products */,
			);
			sourceTree = "<group>";
		};
		270E967F20C8C87100720F85 /* Products */ = {
			isa = PBXGroup;
			children = (
				270E967E20C8C87100720F85 /* Dice.app */,
				270E969220C8C87200720F85 /* DiceTests.xctest */,
				270E969D20C8C87200720F85 /* DiceUITests.xctest */,
			);
			name = Products;
			sourceTree = "<group>";
		};
		270E968020C8C87100720F85 /* Dice */ = {
			isa = PBXGroup;
			children = (
				270E968120C8C87100720F85 /* AppDelegate.swift */,
				270E968320C8C87100720F85 /* ViewController.swift */,
				270E968520C8C87100720F85 /* Main.storyboard */,
				270E968820C8C87200720F85 /* Assets.xcassets */,
				270E968A20C8C87200720F85 /* LaunchScreen.storyboard */,
				270E968D20C8C87200720F85 /* Info.plist */,
			);
			path = Dice;
			sourceTree = "<group>";
		};
		270E969520C8C87200720F85 /* DiceTests */ = {
			isa = PBXGroup;
			children = (
				270E969620C8C87200720F85 /* DiceTests.swift */,
				270E969820C8C87200720F85 /* Info.plist */,
			);
			path = DiceTests;
			sourceTree = "<group>";
		};
		270E96A020C8C87200720F85 /* DiceUITests */ = {
			isa = PBXGroup;
			children = (
				270E96A120C8C87200720F85 /* DiceUITests.swift */,
				270E96A320C8C87200720F85 /* Info.plist */,
			);
			path = DiceUITests;
			sourceTree = "<group>";
		};
/* End PBXGroup section */

/* Begin PBXNativeTarget section */
		270E967D20C8C87100720F85 /* Dice */ = {
			isa = PBXNativeTarget;
			buildConfigurationList = 270E96A620C8C87200720F85 /* Build configuration list for PBXNativeTarget "Dice" */;
			buildPhases = (
				270E967A20C8C87100720F85 /* Sources */,
				270E967B20C8C87100720F85 /* Frameworks */,
				270E967C20C8C87100720F85 /* Resources */,
			);
			buildRules = (
			);
			dependencies = (
			);
			name = Dice;
			productName = Dice;
			productReference = 270E967E20C8C87100720F85 /* Dice.app */;
			productType = "com.apple.product-type.application";
		};
		270E969120C8C87200720F85 /* DiceTests */ = {
			isa = PBXNativeTarget;
			buildConfigurationList = 270E96A920C8C87200720F85 /* Build configuration list for PBXNativeTarget "DiceTests" */;
			buildPhases = (
				270E968E20C8C87200720F85 /* Sources */,
				270E968F20C8C87200720F85 /* Frameworks */,
				270E969020C8C87200720F85 /* Resources */,
			);
			buildRules = (
			);
			dependencies = (
				270E969420C8C87200720F85 /* PBXTargetDependency */,
			);
			name = DiceTests;
			productName = DiceTests;
			productReference = 270E969220C8C87200720F85 /* DiceTests.xctest */;
			productType = "com.apple.product-type.bundle.unit-test";
		};
		270E969C20C8C87200720F85 /* DiceUITests */ = {
			isa = PBXNativeTarget;
			buildConfigurationList = 270E96AC20C8C87200720F85 /* Build configuration list for PBXNativeTarget "DiceUITests" */;
			buildPhases = (
				270E969920C8C87200720F85 /* Sources */,
				270E969A20C8C87200720F85 /* Frameworks */,
				270E969B20C8C87200720F85 /* Resources */,
			);
			buildRules = (
			);
			dependencies = (
				270E969F20C8C87200720F85 /* PBXTargetDependency */,
			);
			name = DiceUITests;
			productName = DiceUITests;
			productReference = 270E969D20C8C87200720F85 /* DiceUITests.xctest */;
			productType = "com.apple.product-type.bundle.ui-testing";
		};
/* End PBXNativeTarget section */

/* Begin PBXProject section */
		270E967620C8C87100720F85 /* Project object */ = {
			isa = PBXProject;
			attributes = {
				LastSwiftUpdateCheck = 0940;
				LastUpgradeCheck = 0940;
				ORGANIZATIONNAME = "Anirudh V";
				TargetAttributes = {
					270E967D20C8C87100720F85 = {
						CreatedOnToolsVersion = 9.4;
					};
					270E969120C8C87200720F85 = {
						CreatedOnToolsVersion = 9.4;
						TestTargetID = 270E967D20C8C87100720F85;
					};
					270E969C20C8C87200720F85 = {
						CreatedOnToolsVersion = 9.4;
						TestTargetID = 270E967D20C8C87100720F85;
					};
				};
			};
			buildConfigurationList = 270E967920C8C87100720F85 /* Build configuration list for PBXProject "Dice" */;
			compatibilityVersion = "Xcode 9.3";
			developmentRegion = en;
			hasScannedForEncodings = 0;
			knownRegions = (
				en,
				Base,
			);
			mainGroup = 270E967520C8C87100720F85;
			productRefGroup = 270E967F20C8C87100720F85 /* Products */;
			projectDirPath = "";
			projectRoot = "";
			targets = (
				270E967D20C8C87100720F85 /* Dice */,
				270E969120C8C87200720F85 /* DiceTests */,
				270E969C20C8C87200720F85 /* DiceUITests */,
			);
		};
/* End PBXProject section */

/* Begin PBXResourcesBuildPhase section */
		270E967C20C8C87100720F85 /* Resources */ = {
			isa = PBXResourcesBuildPhase;
			buildActionMask = 2147483647;
			files = (
				270E968C20C8C87200720F85 /* LaunchScreen.storyboard in Resources */,
				270E968920C8C87200720F85 /* Assets.xcassets in Resources */,
				270E968720C8C87100720F85 /* Main.storyboard in Resources */,
			);
			runOnlyForDeploymentPostprocessing = 0;
		};
		270E969020C8C87200720F85 /* Resources */ = {
			isa = PBXResourcesBuildPhase;
			buildActionMask = 2147483647;
			files = (
			);
			runOnlyForDeploymentPostprocessing = 0;
		};
		270E969B20C8C87200720F85 /* Resources */ = {
			isa = PBXResourcesBuildPhase;
			buildActionMask = 2147483647;
			files = (
			);
			runOnlyForDeploymentPostprocessing = 0;
		};
/* End PBXResourcesBuildPhase section */

/* Begin PBXSourcesBuildPhase section */
		270E967A20C8C87100720F85 /* Sources */ = {
			isa = PBXSourcesBuildPhase;
			buildActionMask = 2147483647;
			files = (
				270E968420C8C87100720F85 /* ViewController.swift in Sources */,
				270E968220C8C87100720F85 /* AppDelegate.swift in Sources */,
			);
			runOnlyForDeploymentPostprocessing = 0;
		};
		270E968E20C8C87200720F85 /* Sources */ = {
			isa = PBXSourcesBuildPhase;
			buildActionMask = 2147483647;
			files = (
				270E969720C8C87200720F85 /* DiceTests.swift in Sources */,
			);
			runOnlyForDeploymentPostprocessing = 0;
		};
		270E969920C8C87200720F85 /* Sources */ = {
			isa = PBXSourcesBuildPhase;
			buildActionMask = 2147483647;
			files = (
				270E96A220C8C87200720F85 /* DiceUITests.swift in Sources */,
			);
			runOnlyForDeploymentPostprocessing = 0;
		};
/* End PBXSourcesBuildPhase section */

/* Begin PBXTargetDependency section */
		270E969420C8C87200720F85 /* PBXTargetDependency */ = {
			isa = PBXTargetDependency;
			target = 270E967D20C8C87100720F85 /* Dice */;
			targetProxy = 270E969320C8C87200720F85 /* PBXContainerItemProxy */;
		};
		270E969F20C8C87200720F85 /* PBXTargetDependency */ = {
			isa = PBXTargetDependency;
			target = 270E967D20C8C87100720F85 /* Dice */;
			targetProxy = 270E969E20C8C87200720F85 /* PBXContainerItemProxy */;
		};
/* End PBXTargetDependency section */

/* Begin PBXVariantGroup section */
		270E968520C8C87100720F85 /* Main.storyboard */ = {
			isa = PBXVariantGroup;
			children = (
				270E968620C8C87100720F85 /* Base */,
			);
			name = Main.storyboard;
			sourceTree = "<group>";
		};
		270E968A20C8C87200720F85 /* LaunchScreen.storyboard */ = {
			isa = PBXVariantGroup;
			children = (
				270E968B20C8C87200720F85 /* Base */,
			);
			name = LaunchScreen.storyboard;
			sourceTree = "<group>";
		};
/* End PBXVariantGroup section */

/* Begin XCBuildConfiguration section */
		270E96A420C8C87200720F85 /* Debug */ = {
			isa = XCBuildConfiguration;
			buildSettings = {
				ALWAYS_SEARCH_USER_PATHS = NO;
				CLANG_ANALYZER_NONNULL = YES;
				CLANG_ANALYZER_NUMBER_OBJECT_CONVERSION = YES_AGGRESSIVE;
				CLANG_CXX_LANGUAGE_STANDARD = "gnu++14";
				CLANG_CXX_LIBRARY = "libc++";
				CLANG_ENABLE_MODULES = YES;
				CLANG_ENABLE_OBJC_ARC = YES;
				CLANG_ENABLE_OBJC_WEAK = YES;
				CLANG_WARN_BLOCK_CAPTURE_AUTORELEASING = YES;
				CLANG_WARN_BOOL_CONVERSION = YES;
				CLANG_WARN_COMMA = YES;
				CLANG_WARN_CONSTANT_CONVERSION = YES;
				CLANG_WARN_DEPRECATED_OBJC_IMPLEMENTATIONS = YES;
				CLANG_WARN_DIRECT_OBJC_ISA_USAGE = YES_ERROR;
				CLANG_WARN_DOCUMENTATION_COMMENTS = YES;
				CLANG_WARN_EMPTY_BODY = YES;
				CLANG_WARN_ENUM_CONVERSION = YES;
				CLANG_WARN_INFINITE_RECURSION = YES;
				CLANG_WARN_INT_CONVERSION = YES;
				CLANG_WARN_NON_LITERAL_NULL_CONVERSION = YES;
				CLANG_WARN_OBJC_IMPLICIT_RETAIN_SELF = YES;
				CLANG_WARN_OBJC_LITERAL_CONVERSION = YES;
				CLANG_WARN_OBJC_ROOT_CLASS = YES_ERROR;
				CLANG_WARN_RANGE_LOOP_ANALYSIS = YES;
				CLANG_WARN_STRICT_PROTOTYPES = YES;
				CLANG_WARN_SUSPICIOUS_MOVE = YES;
				CLANG_WARN_UNGUARDED_AVAILABILITY = YES_AGGRESSIVE;
				CLANG_WARN_UNREACHABLE_CODE = YES;
				CLANG_WARN__DUPLICATE_METHOD_MATCH = YES;
				CODE_SIGN_IDENTITY = "iPhone Developer";
				COPY_PHASE_STRIP = NO;
				DEBUG_INFORMATION_FORMAT = dwarf;
				ENABLE_STRICT_OBJC_MSGSEND = YES;
				ENABLE_TESTABILITY = YES;
				GCC_C_LANGUAGE_STANDARD = gnu11;
				GCC_DYNAMIC_NO_PIC = NO;
				GCC_NO_COMMON_BLOCKS = YES;
				GCC_OPTIMIZATION_LEVEL = 0;
				GCC_PREPROCESSOR_DEFINITIONS = (
					"DEBUG=1",
					"$(inherited)",
				);
				GCC_WARN_64_TO_32_BIT_CONVERSION = YES;
				GCC_WARN_ABOUT_RETURN_TYPE = YES_ERROR;
				GCC_WARN_UNDECLARED_SELECTOR = YES;
				GCC_WARN_UNINITIALIZED_AUTOS = YES_AGGRESSIVE;
				GCC_WARN_UNUSED_FUNCTION = YES;
				GCC_WARN_UNUSED_VARIABLE = YES;
				IPHONEOS_DEPLOYMENT_TARGET = 11.4;
				MTL_ENABLE_DEBUG_INFO = YES;
				ONLY_ACTIVE_ARCH = YES;
				SDKROOT = iphoneos;
				SWIFT_ACTIVE_COMPILATION_CONDITIONS = DEBUG;
				SWIFT_OPTIMIZATION_LEVEL = "-Onone";
			};
			name = Debug;
		};
		270E96A520C8C87200720F85 /* Release */ = {
			isa = XCBuildConfiguration;
			buildSettings = {
				ALWAYS_SEARCH_USER_PATHS = NO;
				CLANG_ANALYZER_NONNULL = YES;
				CLANG_ANALYZER_NUMBER_OBJECT_CONVERSION = YES_AGGRESSIVE;
				CLANG_CXX_LANGUAGE_STANDARD = "gnu++14";
				CLANG_CXX_LIBRARY = "libc++";
				CLANG_ENABLE_MODULES = YES;
				CLANG_ENABLE_OBJC_ARC = YES;
				CLANG_ENABLE_OBJC_WEAK = YES;
				CLANG_WARN_BLOCK_CAPTURE_AUTORELEASING = YES;
				CLANG_WARN_BOOL_CONVERSION = YES;
				CLANG_WARN_COMMA = YES;
				CLANG_WARN_CONSTANT_CONVERSION = YES;
				CLANG_WARN_DEPRECATED_OBJC_IMPLEMENTATIONS = YES;
				CLANG_WARN_DIRECT_OBJC_ISA_USAGE = YES_ERROR;
				CLANG_WARN_DOCUMENTATION_COMMENTS = YES;
				CLANG_WARN_EMPTY_BODY = YES;
				CLANG_WARN_ENUM_CONVERSION = YES;
				CLANG_WARN_INFINITE_RECURSION = YES;
				CLANG_WARN_INT_CONVERSION = YES;
				CLANG_WARN_NON_LITERAL_NULL_CONVERSION = YES;
				CLANG_WARN_OBJC_IMPLICIT_RETAIN_SELF = YES;
				CLANG_WARN_OBJC_LITERAL_CONVERSION = YES;
				CLANG_WARN_OBJC_ROOT_CLASS = YES_ERROR;
				CLANG_WARN_RANGE_LOOP_ANALYSIS = YES;
				CLANG_WARN_STRICT_PROTOTYPES = YES;
				CLANG_WARN_SUSPICIOUS_MOVE = YES;
				CLANG_WARN_UNGUARDED_AVAILABILITY = YES_AGGRESSIVE;
				CLANG_WARN_UNREACHABLE_CODE = YES;
				CLANG_WARN__DUPLICATE_METHOD_MATCH = YES;
				CODE_SIGN_IDENTITY = "iPhone Developer";
				COPY_PHASE_STRIP = NO;
				DEBUG_INFORMATION_FORMAT = "dwarf-with-dsym";
				ENABLE_NS_ASSERTIONS = NO;
				ENABLE_STRICT_OBJC_MSGSEND = YES;
				GCC_C_LANGUAGE_STANDARD = gnu11;
				GCC_NO_COMMON_BLOCKS = YES;
				GCC_WARN_64_TO_32_BIT_CONVERSION = YES;
				GCC_WARN_ABOUT_RETURN_TYPE = YES_ERROR;
				GCC_WARN_UNDECLARED_SELECTOR = YES;
				GCC_WARN_UNINITIALIZED_AUTOS = YES_AGGRESSIVE;
				GCC_WARN_UNUSED_FUNCTION = YES;
				GCC_WARN_UNUSED_VARIABLE = YES;
				IPHONEOS_DEPLOYMENT_TARGET = 11.4;
				MTL_ENABLE_DEBUG_INFO = NO;
				SDKROOT = iphoneos;
				SWIFT_COMPILATION_MODE = wholemodule;
				SWIFT_OPTIMIZATION_LEVEL = "-O";
				VALIDATE_PRODUCT = YES;
			};
			name = Release;
		};
		270E96A720C8C87200720F85 /* Debug */ = {
			isa = XCBuildConfiguration;
			buildSettings = {
				ASSETCATALOG_COMPILER_APPICON_NAME = AppIcon;
				CODE_SIGN_STYLE = Automatic;
				INFOPLIST_FILE = Dice/Info.plist;
				LD_RUNPATH_SEARCH_PATHS = (
					"$(inherited)",
					"@executable_path/Frameworks",
				);
				PRODUCT_BUNDLE_IDENTIFIER = com.anirrudh.obj.Dice;
				PRODUCT_NAME = "$(TARGET_NAME)";
				SWIFT_VERSION = 4.0;
				TARGETED_DEVICE_FAMILY = "1,2";
			};
			name = Debug;
		};
		270E96A820C8C87200720F85 /* Release */ = {
			isa = XCBuildConfiguration;
			buildSettings = {
				ASSETCATALOG_COMPILER_APPICON_NAME = AppIcon;
				CODE_SIGN_STYLE = Automatic;
				INFOPLIST_FILE = Dice/Info.plist;
				LD_RUNPATH_SEARCH_PATHS = (
					"$(inherited)",
					"@executable_path/Frameworks",
				);
				PRODUCT_BUNDLE_IDENTIFIER = com.anirrudh.obj.Dice;
				PRODUCT_NAME = "$(TARGET_NAME)";
				SWIFT_VERSION = 4.0;
				TARGETED_DEVICE_FAMILY = "1,2";
			};
			name = Release;
		};
		270E96AA20C8C87200720F85 /* Debug */ = {
			isa = XCBuildConfiguration;
			buildSettings = {
				ALWAYS_EMBED_SWIFT_STANDARD_LIBRARIES = YES;
				BUNDLE_LOADER = "$(TEST_HOST)";
				CODE_SIGN_STYLE = Automatic;
				INFOPLIST_FILE = DiceTests/Info.plist;
				LD_RUNPATH_SEARCH_PATHS = (
					"$(inherited)",
					"@executable_path/Frameworks",
					"@loader_path/Frameworks",
				);
				PRODUCT_BUNDLE_IDENTIFIER = com.anirrudh.obj.DiceTests;
				PRODUCT_NAME = "$(TARGET_NAME)";
				SWIFT_VERSION = 4.0;
				TARGETED_DEVICE_FAMILY = "1,2";
				TEST_HOST = "$(BUILT_PRODUCTS_DIR)/Dice.app/Dice";
			};
			name = Debug;
		};
		270E96AB20C8C87200720F85 /* Release */ = {
			isa = XCBuildConfiguration;
			buildSettings = {
				ALWAYS_EMBED_SWIFT_STANDARD_LIBRARIES = YES;
				BUNDLE_LOADER = "$(TEST_HOST)";
				CODE_SIGN_STYLE = Automatic;
				INFOPLIST_FILE = DiceTests/Info.plist;
				LD_RUNPATH_SEARCH_PATHS = (
					"$(inherited)",
					"@executable_path/Frameworks",
					"@loader_path/Frameworks",
				);
				PRODUCT_BUNDLE_IDENTIFIER = com.anirrudh.obj.DiceTests;
				PRODUCT_NAME = "$(TARGET_NAME)";
				SWIFT_VERSION = 4.0;
				TARGETED_DEVICE_FAMILY = "1,2";
				TEST_HOST = "$(BUILT_PRODUCTS_DIR)/Dice.app/Dice";
			};
			name = Release;
		};
		270E96AD20C8C87200720F85 /* Debug */ = {
			isa = XCBuildConfiguration;
			buildSettings = {
				ALWAYS_EMBED_SWIFT_STANDARD_LIBRARIES = YES;
				CODE_SIGN_STYLE = Automatic;
				INFOPLIST_FILE = DiceUITests/Info.plist;
				LD_RUNPATH_SEARCH_PATHS = (
					"$(inherited)",
					"@executable_path/Frameworks",
					"@loader_path/Frameworks",
				);
				PRODUCT_BUNDLE_IDENTIFIER = com.anirrudh.obj.DiceUITests;
				PRODUCT_NAME = "$(TARGET_NAME)";
				SWIFT_VERSION = 4.0;
				TARGETED_DEVICE_FAMILY = "1,2";
				TEST_TARGET_NAME = Dice;
			};
			name = Debug;
		};
		270E96AE20C8C87200720F85 /* Release */ = {
			isa = XCBuildConfiguration;
			buildSettings = {
				ALWAYS_EMBED_SWIFT_STANDARD_LIBRARIES = YES;
				CODE_SIGN_STYLE = Automatic;
				INFOPLIST_FILE = DiceUITests/Info.plist;
				LD_RUNPATH_SEARCH_PATHS = (
					"$(inherited)",
					"@executable_path/Frameworks",
					"@loader_path/Frameworks",
				);
				PRODUCT_BUNDLE_IDENTIFIER = com.anirrudh.obj.DiceUITests;
				PRODUCT_NAME = "$(TARGET_NAME)";
				SWIFT_VERSION = 4.0;
				TARGETED_DEVICE_FAMILY = "1,2";
				TEST_TARGET_NAME = Dice;
			};
			name = Release;
		};
/* End XCBuildConfiguration section */

/* Begin XCConfigurationList section */
		270E967920C8C87100720F85 /* Build configuration list for PBXProject "Dice" */ = {
			isa = XCConfigurationList;
			buildConfigurations = (
				270E96A420C8C87200720F85 /* Debug */,
				270E96A520C8C87200720F85 /* Release */,
			);
			defaultConfigurationIsVisible = 0;
			defaultConfigurationName = Release;
		};
		270E96A620C8C87200720F85 /* Build configuration list for PBXNativeTarget "Dice" */ = {
			isa = XCConfigurationList;
			buildConfigurations = (
				270E96A720C8C87200720F85 /* Debug */,
				270E96A820C8C87200720F85 /* Release */,
			);
			defaultConfigurationIsVisible = 0;
			defaultConfigurationName = Release;
		};
		270E96A920C8C87200720F85 /* Build configuration list for PBXNativeTarget "DiceTests" */ = {
			isa = XCConfigurationList;
			buildConfigurations = (
				270E96AA20C8C87200720F85 /* Debug */,
				270E96AB20C8C87200720F85 /* Release */,
			);
			defaultConfigurationIsVisible = 0;
			defaultConfigurationName = Release;
		};
		270E96AC20C8C87200720F85 /* Build configuration list for PBXNativeTarget "DiceUITests" */ = {
			isa = XCConfigurationList;
			buildConfigurations = (
				270E96AD20C8C87200720F85 /* Debug */,
				270E96AE20C8C87200720F85 /* Release */,
			);
			defaultConfigurationIsVisible = 0;
			defaultConfigurationName = Release;
		};
/* End XCConfigurationList section */
	};
	rootObject = 270E967620C8C87100720F85 /* Project object */;
}
